
Microsoft Visual Studio Solution File, Format Version 12.00
# Visual Studio Version 17
VisualStudioVersion = 17.8.34525.116
MinimumVisualStudioVersion = 10.0.40219.1
Project("{8BC9CEB8-8B4A-11D0-8D11-00A0C91BC942}") = "Clase3-Delegacion", "Clase3-Delegacion\Clase3-Delegacion.vcxproj", "{C96CCE41-0D67-4AAF-BC04-95AD402E965E}"
EndProject
Global
	GlobalSection(SolutionConfigurationPlatforms) = preSolution
		Debug|x64 = Debug|x64
		Debug|x86 = Debug|x86
		Release|x64 = Release|x64
		Release|x86 = Release|x86
	EndGlobalSection
	GlobalSection(ProjectConfigurationPlatforms) = postSolution
		{C96CCE41-0D67-4AAF-BC04-95AD402E965E}.Debug|x64.ActiveCfg = Debug|x64
		{C96CCE41-0D67-4AAF-BC04-95AD402E965E}.Debug|x64.Build.0 = Debug|x64
		{C96CCE41-0D67-4AAF-BC04-95AD402E965E}.Debug|x86.ActiveCfg = Debug|Win32
		{C96CCE41-0D67-4AAF-BC04-95AD402E965E}.Debug|x86.Build.0 = Debug|Win32
		{C96CCE41-0D67-4AAF-BC04-95AD402E965E}.Release|x64.ActiveCfg = Release|x64
		{C96CCE41-0D67-4AAF-BC04-95AD402E965E}.Release|x64.Build.0 = Release|x64
		{C96CCE41-0D67-4AAF-BC04-95AD402E965E}.Release|x86.ActiveCfg = Release|Win32
		{C96CCE41-0D67-4AAF-BC04-95AD402E965E}.Release|x86.Build.0 = Release|Win32
	EndGlobalSection
	GlobalSection(SolutionProperties) = preSolution
		HideSolutionNode = FALSE
	EndGlobalSection
	GlobalSection(ExtensibilityGlobals) = postSolution
		SolutionGuid = {5349AE06-AF22-48A9-828F-7E6502AA3DD3}
	EndGlobalSection
EndGlobal
