
Microsoft Visual Studio Solution File, Format Version 12.00
# Visual Studio Version 17
VisualStudioVersion = 17.7.34003.232
MinimumVisualStudioVersion = 10.0.40219.1
Project("{8BC9CEB8-8B4A-11D0-8D11-00A0C91BC942}") = "Clase 19-Singleton-Proveedor", "Clase 19-Singleton-Proveedor\Clase 19-Singleton-Proveedor.vcxproj", "{3F10CFCD-F5D4-4AB7-8F3B-A8F9860CC22B}"
EndProject
Global
	GlobalSection(SolutionConfigurationPlatforms) = preSolution
		Debug|x64 = Debug|x64
		Debug|x86 = Debug|x86
		Release|x64 = Release|x64
		Release|x86 = Release|x86
	EndGlobalSection
	GlobalSection(ProjectConfigurationPlatforms) = postSolution
		{3F10CFCD-F5D4-4AB7-8F3B-A8F9860CC22B}.Debug|x64.ActiveCfg = Debug|x64
		{3F10CFCD-F5D4-4AB7-8F3B-A8F9860CC22B}.Debug|x64.Build.0 = Debug|x64
		{3F10CFCD-F5D4-4AB7-8F3B-A8F9860CC22B}.Debug|x86.ActiveCfg = Debug|Win32
		{3F10CFCD-F5D4-4AB7-8F3B-A8F9860CC22B}.Debug|x86.Build.0 = Debug|Win32
		{3F10CFCD-F5D4-4AB7-8F3B-A8F9860CC22B}.Release|x64.ActiveCfg = Release|x64
		{3F10CFCD-F5D4-4AB7-8F3B-A8F9860CC22B}.Release|x64.Build.0 = Release|x64
		{3F10CFCD-F5D4-4AB7-8F3B-A8F9860CC22B}.Release|x86.ActiveCfg = Release|Win32
		{3F10CFCD-F5D4-4AB7-8F3B-A8F9860CC22B}.Release|x86.Build.0 = Release|Win32
	EndGlobalSection
	GlobalSection(SolutionProperties) = preSolution
		HideSolutionNode = FALSE
	EndGlobalSection
	GlobalSection(ExtensibilityGlobals) = postSolution
		SolutionGuid = {5A70EEB7-D41E-41AF-AF27-3DD09D73A7FA}
	EndGlobalSection
EndGlobal
